
Microsoft Visual Studio Solution File, Format Version 12.00
# Visual Studio 15
VisualStudioVersion = 15.0.28307.168
MinimumVisualStudioVersion = 10.0.40219.1
Project("{FAE04EC0-301F-11D3-BF4B-00C04F79EFBC}") = "TrainerLib", "TrainerLib\TrainerLib.csproj", "{48140AC8-C3DF-480D-82EF-45FC05E6F8C8}"
EndProject
Global
	GlobalSection(SolutionConfigurationPlatforms) = preSolution
		Debug|Any CPU = Debug|Any CPU
		Release|Any CPU = Release|Any CPU
	EndGlobalSection
	GlobalSection(ProjectConfigurationPlatforms) = postSolution
		{48140AC8-C3DF-480D-82EF-45FC05E6F8C8}.Debug|Any CPU.ActiveCfg = Debug|Any CPU
		{48140AC8-C3DF-480D-82EF-45FC05E6F8C8}.Debug|Any CPU.Build.0 = Debug|Any CPU
		{48140AC8-C3DF-480D-82EF-45FC05E6F8C8}.Release|Any CPU.ActiveCfg = Release|Any CPU
		{48140AC8-C3DF-480D-82EF-45FC05E6F8C8}.Release|Any CPU.Build.0 = Release|Any CPU
	EndGlobalSection
	GlobalSection(SolutionProperties) = preSolution
		HideSolutionNode = FALSE
	EndGlobalSection
	GlobalSection(ExtensibilityGlobals) = postSolution
		SolutionGuid = {F1537888-1A93-4BE7-872D-349BAC503392}
	EndGlobalSection
EndGlobal
